
Microsoft Visual Studio Solution File, Format Version 12.00
# Visual Studio 15
VisualStudioVersion = 15.0.27703.2035
MinimumVisualStudioVersion = 10.0.40219.1
Project("{FAE04EC0-301F-11D3-BF4B-00C04F79EFBC}") = "myWCF", "myWCF\myWCF.csproj", "{EE5D9912-A556-4AC2-A0E9-CE6E1DCA4945}"
EndProject
Global
	GlobalSection(SolutionConfigurationPlatforms) = preSolution
		Debug|Any CPU = Debug|Any CPU
		Release|Any CPU = Release|Any CPU
	EndGlobalSection
	GlobalSection(ProjectConfigurationPlatforms) = postSolution
		{EE5D9912-A556-4AC2-A0E9-CE6E1DCA4945}.Debug|Any CPU.ActiveCfg = Debug|Any CPU
		{EE5D9912-A556-4AC2-A0E9-CE6E1DCA4945}.Debug|Any CPU.Build.0 = Debug|Any CPU
		{EE5D9912-A556-4AC2-A0E9-CE6E1DCA4945}.Release|Any CPU.ActiveCfg = Release|Any CPU
		{EE5D9912-A556-4AC2-A0E9-CE6E1DCA4945}.Release|Any CPU.Build.0 = Release|Any CPU
	EndGlobalSection
	GlobalSection(SolutionProperties) = preSolution
		HideSolutionNode = FALSE
	EndGlobalSection
	GlobalSection(ExtensibilityGlobals) = postSolution
		SolutionGuid = {820CFCE8-27D9-400A-A025-98F0266D3C5D}
	EndGlobalSection
EndGlobal
